
Microsoft Visual Studio Solution File, Format Version 12.00
# Visual Studio Version 16
Project("{2150E333-8FDC-42A3-9474-1A3956D46DE8}") = "AppLayer", "AppLayer", "{7D630968-6C94-4B15-9D0E-4D71ED6D01E0}"
EndProject
Project("{FAE04EC0-301F-11D3-BF4B-00C04F79EFBC}") = "FytSoa.ApiService", "FytSoa.ApiService\FytSoa.ApiService.csproj", "{481F8261-1404-4AA3-9A9B-3D63C468D5A2}"
EndProject
Project("{2150E333-8FDC-42A3-9474-1A3956D46DE8}") = "BasicLayer", "BasicLayer", "{690E84DD-76DE-4FEA-8DF2-1E8BAE1C3D7E}"
EndProject
Project("{FAE04EC0-301F-11D3-BF4B-00C04F79EFBC}") = "FytSoa.Sugar", "FytSoa.Sugar\FytSoa.Sugar.csproj", "{93D2D5CF-8EEC-40CA-B398-0F0F984235F1}"
EndProject
Project("{FAE04EC0-301F-11D3-BF4B-00C04F79EFBC}") = "FytSoa.Common", "FytSoa.Common\FytSoa.Common.csproj", "{C88E7877-D26B-455B-B673-DC588D12D330}"
EndProject
Project("{FAE04EC0-301F-11D3-BF4B-00C04F79EFBC}") = "FytSoa.Domain", "FytSoa.Domain\FytSoa.Domain.csproj", "{492B58A6-AA15-446B-A3A4-F6F76AC73DE8}"
EndProject
Project("{FAE04EC0-301F-11D3-BF4B-00C04F79EFBC}") = "FytSoa.Application", "FytSoa.Application\FytSoa.Application.csproj", "{4C932A0A-166B-43A3-B2B7-E6FDE9DC16D9}"
EndProject
Project("{2150E333-8FDC-42A3-9474-1A3956D46DE8}") = "ModuleLayer", "ModuleLayer", "{3EA54884-0D08-4810-9A45-CEF1ED95D1AD}"
EndProject
Project("{FAE04EC0-301F-11D3-BF4B-00C04F79EFBC}") = "FytSoa.CrossCutting", "FytSoa.CrossCutting\FytSoa.CrossCutting.csproj", "{2A6BD771-8037-4D90-BDEB-BC39724D9653}"
EndProject
Project("{FAE04EC0-301F-11D3-BF4B-00C04F79EFBC}") = "FytSoa.Generator", "FytSoa.Generator\FytSoa.Generator.csproj", "{3D33A33A-AECA-496C-8D41-D07D9A1F2826}"
EndProject
Project("{FAE04EC0-301F-11D3-BF4B-00C04F79EFBC}") = "FytSoa.Exam", "FytSoa.Exam\FytSoa.Exam.csproj", "{5A239AB9-F6CE-40FD-947B-F8281D7B224E}"
EndProject
Global
	GlobalSection(SolutionConfigurationPlatforms) = preSolution
		Debug|Any CPU = Debug|Any CPU
		Release|Any CPU = Release|Any CPU
	EndGlobalSection
	GlobalSection(NestedProjects) = preSolution
		{481F8261-1404-4AA3-9A9B-3D63C468D5A2} = {7D630968-6C94-4B15-9D0E-4D71ED6D01E0}
		{93D2D5CF-8EEC-40CA-B398-0F0F984235F1} = {690E84DD-76DE-4FEA-8DF2-1E8BAE1C3D7E}
		{C88E7877-D26B-455B-B673-DC588D12D330} = {690E84DD-76DE-4FEA-8DF2-1E8BAE1C3D7E}
		{492B58A6-AA15-446B-A3A4-F6F76AC73DE8} = {7D630968-6C94-4B15-9D0E-4D71ED6D01E0}
		{4C932A0A-166B-43A3-B2B7-E6FDE9DC16D9} = {7D630968-6C94-4B15-9D0E-4D71ED6D01E0}
		{2A6BD771-8037-4D90-BDEB-BC39724D9653} = {3EA54884-0D08-4810-9A45-CEF1ED95D1AD}
		{3D33A33A-AECA-496C-8D41-D07D9A1F2826} = {3EA54884-0D08-4810-9A45-CEF1ED95D1AD}
		{5A239AB9-F6CE-40FD-947B-F8281D7B224E} = {7D630968-6C94-4B15-9D0E-4D71ED6D01E0}
	EndGlobalSection
	GlobalSection(ProjectConfigurationPlatforms) = postSolution
		{481F8261-1404-4AA3-9A9B-3D63C468D5A2}.Debug|Any CPU.ActiveCfg = Debug|Any CPU
		{481F8261-1404-4AA3-9A9B-3D63C468D5A2}.Debug|Any CPU.Build.0 = Debug|Any CPU
		{481F8261-1404-4AA3-9A9B-3D63C468D5A2}.Release|Any CPU.ActiveCfg = Release|Any CPU
		{481F8261-1404-4AA3-9A9B-3D63C468D5A2}.Release|Any CPU.Build.0 = Release|Any CPU
		{93D2D5CF-8EEC-40CA-B398-0F0F984235F1}.Debug|Any CPU.ActiveCfg = Debug|Any CPU
		{93D2D5CF-8EEC-40CA-B398-0F0F984235F1}.Debug|Any CPU.Build.0 = Debug|Any CPU
		{93D2D5CF-8EEC-40CA-B398-0F0F984235F1}.Release|Any CPU.ActiveCfg = Release|Any CPU
		{93D2D5CF-8EEC-40CA-B398-0F0F984235F1}.Release|Any CPU.Build.0 = Release|Any CPU
		{C88E7877-D26B-455B-B673-DC588D12D330}.Debug|Any CPU.ActiveCfg = Debug|Any CPU
		{C88E7877-D26B-455B-B673-DC588D12D330}.Debug|Any CPU.Build.0 = Debug|Any CPU
		{C88E7877-D26B-455B-B673-DC588D12D330}.Release|Any CPU.ActiveCfg = Release|Any CPU
		{C88E7877-D26B-455B-B673-DC588D12D330}.Release|Any CPU.Build.0 = Release|Any CPU
		{492B58A6-AA15-446B-A3A4-F6F76AC73DE8}.Debug|Any CPU.ActiveCfg = Debug|Any CPU
		{492B58A6-AA15-446B-A3A4-F6F76AC73DE8}.Debug|Any CPU.Build.0 = Debug|Any CPU
		{492B58A6-AA15-446B-A3A4-F6F76AC73DE8}.Release|Any CPU.ActiveCfg = Release|Any CPU
		{492B58A6-AA15-446B-A3A4-F6F76AC73DE8}.Release|Any CPU.Build.0 = Release|Any CPU
		{4C932A0A-166B-43A3-B2B7-E6FDE9DC16D9}.Debug|Any CPU.ActiveCfg = Debug|Any CPU
		{4C932A0A-166B-43A3-B2B7-E6FDE9DC16D9}.Debug|Any CPU.Build.0 = Debug|Any CPU
		{4C932A0A-166B-43A3-B2B7-E6FDE9DC16D9}.Release|Any CPU.ActiveCfg = Release|Any CPU
		{4C932A0A-166B-43A3-B2B7-E6FDE9DC16D9}.Release|Any CPU.Build.0 = Release|Any CPU
		{2A6BD771-8037-4D90-BDEB-BC39724D9653}.Debug|Any CPU.ActiveCfg = Debug|Any CPU
		{2A6BD771-8037-4D90-BDEB-BC39724D9653}.Debug|Any CPU.Build.0 = Debug|Any CPU
		{2A6BD771-8037-4D90-BDEB-BC39724D9653}.Release|Any CPU.ActiveCfg = Release|Any CPU
		{2A6BD771-8037-4D90-BDEB-BC39724D9653}.Release|Any CPU.Build.0 = Release|Any CPU
		{3D33A33A-AECA-496C-8D41-D07D9A1F2826}.Debug|Any CPU.ActiveCfg = Debug|Any CPU
		{3D33A33A-AECA-496C-8D41-D07D9A1F2826}.Debug|Any CPU.Build.0 = Debug|Any CPU
		{3D33A33A-AECA-496C-8D41-D07D9A1F2826}.Release|Any CPU.ActiveCfg = Release|Any CPU
		{3D33A33A-AECA-496C-8D41-D07D9A1F2826}.Release|Any CPU.Build.0 = Release|Any CPU
		{5A239AB9-F6CE-40FD-947B-F8281D7B224E}.Debug|Any CPU.ActiveCfg = Debug|Any CPU
		{5A239AB9-F6CE-40FD-947B-F8281D7B224E}.Debug|Any CPU.Build.0 = Debug|Any CPU
		{5A239AB9-F6CE-40FD-947B-F8281D7B224E}.Release|Any CPU.ActiveCfg = Release|Any CPU
		{5A239AB9-F6CE-40FD-947B-F8281D7B224E}.Release|Any CPU.Build.0 = Release|Any CPU
	EndGlobalSection
EndGlobal
